
Microsoft Visual Studio Solution File, Format Version 12.00
# Visual Studio 15
VisualStudioVersion = 15.0.27130.2036
MinimumVisualStudioVersion = 10.0.40219.1
Project("{FAE04EC0-301F-11D3-BF4B-00C04F79EFBC}") = "Telefon_Rehberi", "Telefon_Rehberi\Telefon_Rehberi.csproj", "{3E70691F-786D-4F9C-99FE-EC4C768F4EC8}"
EndProject
Project("{54435603-DBB4-11D2-8724-00A0C9A8B90C}") = "Setup", "Setup\Setup1.vdproj", "{4B777542-E69E-4A86-B3F6-5CA141D6AA47}"
EndProject
Global
	GlobalSection(SolutionConfigurationPlatforms) = preSolution
		Debug|Any CPU = Debug|Any CPU
		Release|Any CPU = Release|Any CPU
	EndGlobalSection
	GlobalSection(ProjectConfigurationPlatforms) = postSolution
		{3E70691F-786D-4F9C-99FE-EC4C768F4EC8}.Debug|Any CPU.ActiveCfg = Debug|Any CPU
		{3E70691F-786D-4F9C-99FE-EC4C768F4EC8}.Debug|Any CPU.Build.0 = Debug|Any CPU
		{3E70691F-786D-4F9C-99FE-EC4C768F4EC8}.Release|Any CPU.ActiveCfg = Release|Any CPU
		{3E70691F-786D-4F9C-99FE-EC4C768F4EC8}.Release|Any CPU.Build.0 = Release|Any CPU
		{4B777542-E69E-4A86-B3F6-5CA141D6AA47}.Debug|Any CPU.ActiveCfg = Debug
		{4B777542-E69E-4A86-B3F6-5CA141D6AA47}.Debug|Any CPU.Build.0 = Debug
		{4B777542-E69E-4A86-B3F6-5CA141D6AA47}.Release|Any CPU.ActiveCfg = Release
		{4B777542-E69E-4A86-B3F6-5CA141D6AA47}.Release|Any CPU.Build.0 = Release
	EndGlobalSection
	GlobalSection(SolutionProperties) = preSolution
		HideSolutionNode = FALSE
	EndGlobalSection
	GlobalSection(ExtensibilityGlobals) = postSolution
		SolutionGuid = {E4DCC72D-EED7-42E2-8AAE-1FFF2A13AC3B}
	EndGlobalSection
EndGlobal
